
Microsoft Visual Studio Solution File, Format Version 12.00
# Visual Studio Version 16
VisualStudioVersion = 16.0.31613.86
MinimumVisualStudioVersion = 10.0.40219.1
Project("{FAE04EC0-301F-11D3-BF4B-00C04F79EFBC}") = "SanjayComSciIA", "SanjayComSciIA.csproj", "{F1955E76-15CE-4032-9672-BA5AC4314530}"
EndProject
Global
	GlobalSection(SolutionConfigurationPlatforms) = preSolution
		Debug|Any CPU = Debug|Any CPU
		Release|Any CPU = Release|Any CPU
	EndGlobalSection
	GlobalSection(ProjectConfigurationPlatforms) = postSolution
		{F1955E76-15CE-4032-9672-BA5AC4314530}.Debug|Any CPU.ActiveCfg = Debug|Any CPU
		{F1955E76-15CE-4032-9672-BA5AC4314530}.Debug|Any CPU.Build.0 = Debug|Any CPU
		{F1955E76-15CE-4032-9672-BA5AC4314530}.Release|Any CPU.ActiveCfg = Release|Any CPU
		{F1955E76-15CE-4032-9672-BA5AC4314530}.Release|Any CPU.Build.0 = Release|Any CPU
	EndGlobalSection
	GlobalSection(SolutionProperties) = preSolution
		HideSolutionNode = FALSE
	EndGlobalSection
	GlobalSection(ExtensibilityGlobals) = postSolution
		SolutionGuid = {6C4270B2-1246-43D9-BB70-FC6C7CD2D711}
	EndGlobalSection
EndGlobal
